
Microsoft Visual Studio Solution File, Format Version 12.00
# Visual Studio Version 17
VisualStudioVersion = 17.5.33530.505
MinimumVisualStudioVersion = 10.0.40219.1
Project("{FAE04EC0-301F-11D3-BF4B-00C04F79EFBC}") = "DooredSiegeTowers", "DooredSiegeTowers.csproj", "{00041666-B7DC-42A3-8DAD-7C7329FA5265}"
EndProject
Global
	GlobalSection(SolutionConfigurationPlatforms) = preSolution
		Debug|Any CPU = Debug|Any CPU
		Release|Any CPU = Release|Any CPU
	EndGlobalSection
	GlobalSection(ProjectConfigurationPlatforms) = postSolution
		{00041666-B7DC-42A3-8DAD-7C7329FA5265}.Debug|Any CPU.ActiveCfg = Debug|Any CPU
		{00041666-B7DC-42A3-8DAD-7C7329FA5265}.Debug|Any CPU.Build.0 = Debug|Any CPU
		{00041666-B7DC-42A3-8DAD-7C7329FA5265}.Release|Any CPU.ActiveCfg = Release|Any CPU
		{00041666-B7DC-42A3-8DAD-7C7329FA5265}.Release|Any CPU.Build.0 = Release|Any CPU
	EndGlobalSection
	GlobalSection(SolutionProperties) = preSolution
		HideSolutionNode = FALSE
	EndGlobalSection
	GlobalSection(ExtensibilityGlobals) = postSolution
		SolutionGuid = {A881129D-28F8-4BE3-AA22-350FFB71C0B7}
	EndGlobalSection
EndGlobal
